
Microsoft Visual Studio Solution File, Format Version 12.00
# Visual Studio Version 16
VisualStudioVersion = 16.0.31605.320
MinimumVisualStudioVersion = 10.0.40219.1
Project("{FAE04EC0-301F-11D3-BF4B-00C04F79EFBC}") = "CrudInDapper", "CrudInDapper.csproj", "{C8AD70E2-455B-4DBA-AB75-F4A593D6D50D}"
EndProject
Global
	GlobalSection(SolutionConfigurationPlatforms) = preSolution
		Debug|Any CPU = Debug|Any CPU
		Release|Any CPU = Release|Any CPU
	EndGlobalSection
	GlobalSection(ProjectConfigurationPlatforms) = postSolution
		{C8AD70E2-455B-4DBA-AB75-F4A593D6D50D}.Debug|Any CPU.ActiveCfg = Debug|Any CPU
		{C8AD70E2-455B-4DBA-AB75-F4A593D6D50D}.Debug|Any CPU.Build.0 = Debug|Any CPU
		{C8AD70E2-455B-4DBA-AB75-F4A593D6D50D}.Release|Any CPU.ActiveCfg = Release|Any CPU
		{C8AD70E2-455B-4DBA-AB75-F4A593D6D50D}.Release|Any CPU.Build.0 = Release|Any CPU
	EndGlobalSection
	GlobalSection(SolutionProperties) = preSolution
		HideSolutionNode = FALSE
	EndGlobalSection
	GlobalSection(ExtensibilityGlobals) = postSolution
		SolutionGuid = {67F857E6-A588-41B6-A8D8-23B82D0A6B95}
	EndGlobalSection
EndGlobal
